Microsoft Visual Studio Solution File, Format Version 12.00
# Visual Studio Version 17
VisualStudioVersion = 17.5.2.0
MinimumVisualStudioVersion = 10.0.40219.1
Project("{FAE04EC0-301F-11D3-BF4B-00C04F79EFBC}") = "ProjetoAv1", "ProjetoAv1.csproj", "{9CCEB502-F21D-41DA-121A-FCCB594FF15B}"
EndProject
Global
	GlobalSection(SolutionConfigurationPlatforms) = preSolution
		Debug|Any CPU = Debug|Any CPU
		Release|Any CPU = Release|Any CPU
	EndGlobalSection
	GlobalSection(ProjectConfigurationPlatforms) = postSolution
		{9CCEB502-F21D-41DA-121A-FCCB594FF15B}.Debug|Any CPU.ActiveCfg = Debug|Any CPU
		{9CCEB502-F21D-41DA-121A-FCCB594FF15B}.Debug|Any CPU.Build.0 = Debug|Any CPU
		{9CCEB502-F21D-41DA-121A-FCCB594FF15B}.Release|Any CPU.ActiveCfg = Release|Any CPU
		{9CCEB502-F21D-41DA-121A-FCCB594FF15B}.Release|Any CPU.Build.0 = Release|Any CPU
	EndGlobalSection
	GlobalSection(SolutionProperties) = preSolution
		HideSolutionNode = FALSE
	EndGlobalSection
	GlobalSection(ExtensibilityGlobals) = postSolution
		SolutionGuid = {FD006858-6655-4BAC-A5D0-5B8CEC77F3E3}
	EndGlobalSection
EndGlobal
